set_location_assignment PIN_12 -to CLK
set_location_assignment PIN_2 -to D[0]
set_location_assignment PIN_3 -to D[1]
set_location_assignment PIN_4 -to D[2]
set_location_assignment PIN_5 -to D[3]
set_location_assignment PIN_6 -to D[4]
set_location_assignment PIN_7 -to D[5]
set_location_assignment PIN_8 -to D[6]
set_location_assignment PIN_15 -to D[7]
set_location_assignment PIN_17 -to WR
set_location_assignment PIN_16 -to nRD
set_location_assignment PIN_19 -to nRXF
set_location_assignment PIN_18 -to nTXE
set_location_assignment PIN_50 -to B_TCK
set_location_assignment PIN_26 -to B_TDI
set_location_assignment PIN_49 -to B_TDO
set_location_assignment PIN_47 -to B_TMS
set_location_assignment PIN_48 -to B_NCE
set_location_assignment PIN_28 -to B_NCS
set_location_assignment PIN_27 -to B_ASDO
set_location_assignment PIN_51 -to B_OE
set_location_assignment PIN_44 -to FT_RST
set_location_assignment PIN_76 -to PROG_LED
set_global_assignment -name ORIGINAL_QUARTUS_VERSION 5.0
set_global_assignment -name PROJECT_CREATION_TIME_DATE "21:12:05  JULY 18, 2005"
set_global_assignment -name LAST_QUARTUS_VERSION "18.0.0 Lite Edition"
set_global_assignment -name VHDL_FILE jtag_logic.vhd
set_global_assignment -name FAMILY "MAX II"
set_global_assignment -name TOP_LEVEL_ENTITY jtag_logic
set_global_assignment -name DEVICE EPM240T100C5
set_global_assignment -name OPTIMIZE_HOLD_TIMING OFF
set_global_assignment -name FITTER_EFFORT "STANDARD FIT"
set_global_assignment -name ERROR_CHECK_FREQUENCY_DIVISOR "-1"
set_global_assignment -name ADD_DEFAULT_PINS_TO_SIMULATION_OUTPUT_WAVEFORMS OFF
set_global_assignment -name VECTOR_INPUT_SOURCE reset_test.vwf
set_global_assignment -name MIN_CORE_JUNCTION_TEMP 0
set_global_assignment -name MAX_CORE_JUNCTION_TEMP 85
